lockfileVersion: '9.0'

settings:
  autoInstallPeers: true
  excludeLinksFromLockfile: false

importers:

  .:
    dependencies:
      '@nielspeter/mlx-ts':
        specifier: 0.4.1
        version: 0.4.1
      '@nielspeter/mlx-ts-darwin-arm64':
        specifier: 0.1.0
        version: 0.1.0

packages:

  '@huggingface/jinja@0.5.10':
    resolution: {integrity: sha512-SgS1D1bglQ94ceD4ZCL6eayUDy9uV1xuyk61OjgSxU5GJh7upqZCKII0JoTYMc6wWsg3JUgaPRX0ElQzXPk3Cw==}
    engines: {node: '>=18'}

  '@koromix/koffi-android-arm64@3.2.1':
    resolution: {integrity: sha512-1pJQ4jnZlUJduK9u9DC5CGy3aOgDUPvIXpNb6syV3+Dh5Q/ugezAIGCqvY+w+1mgXsve0pd0NVvJRjdZNHQ6MA==}
    cpu: [arm64]
    os: [android]

  '@koromix/koffi-android-x64@3.2.1':
    resolution: {integrity: sha512-HH40xGh3gVQifjOBnhwT2tECC0lL1lYe+nxHvWNSzxDIyQNcVPXg38ta7vuONRFpD+uIrw7fqGYLzbZIagkVcg==}
    cpu: [x64]
    os: [android]

  '@koromix/koffi-darwin-arm64@3.2.1':
    resolution: {integrity: sha512-Vj4h+xcjc5+Cn0DhPHjgRX4omKAv96Kehtcd+1YgYuY2W7FvQn9vS+3SmzVwhC5Qmg9bIwUZObYQ8T/4hBqQqA==}
    cpu: [arm64]
    os: [darwin]

  '@koromix/koffi-darwin-x64@3.2.1':
    resolution: {integrity: sha512-gFCWxNBTZIvxo1p+PURWfsy2Ctj5FGnVVs1f03lTLhBvmxEto70pdIiFztdFLDFkAJ1pmtQmruRKapeK+E8YPA==}
    cpu: [x64]
    os: [darwin]

  '@koromix/koffi-freebsd-arm64@3.2.1':
    resolution: {integrity: sha512-qj+f1s2e6vULaUG1cdlTcCXmunCq2t+rjxku1+esaMIqVnHpOwj0QzPuInG0AFdXjwBNQhyVR/HpDj8daEwwsQ==}
    cpu: [arm64]
    os: [freebsd]

  '@koromix/koffi-freebsd-ia32@3.2.1':
    resolution: {integrity: sha512-6olHb1Qfgai0jjs6ddlDDD0ZfsCxy7SPi8rMRpuYQWH0qhgtyQu82hw5b1p7z+TJ0zZP3ZeQQ6l+U/MlM1ICHQ==}
    cpu: [ia32]
    os: [freebsd]

  '@koromix/koffi-freebsd-x64@3.2.1':
    resolution: {integrity: sha512-Dikhw1ySYNVMkmeFvFVjnU5Wdk6mffNoOjJxm9bTG96vg7OlemylxqdEven47R1YJ3yzNVJn/MlQ207ORWfi2w==}
    cpu: [x64]
    os: [freebsd]

  '@koromix/koffi-linux-arm64@3.2.1':
    resolution: {integrity: sha512-K+cGUL5iBcDqxmsocrjmlASqDf24gc7artbVW3PewG2c9AqwC63lezgwvB85Nx4lZAQjB6zIFHh9A7t1yGbwhw==}
    cpu: [arm64]
    os: [linux]

  '@koromix/koffi-linux-arm@3.2.1':
    resolution: {integrity: sha512-OfwUwZylidq95wQKp6ClInULrfB2giu7dqM6Rhe0zAe6lES5I2SXNw15T9+GnRHk3/9hKT2XZ37OZLaKSyWNLA==}
    cpu: [arm]
    os: [linux]

  '@koromix/koffi-linux-ia32@3.2.1':
    resolution: {integrity: sha512-rxj6UYjU1qd98gxNQOSCdLpc5cPRi5Giq9rNd3jnGuSNIyMkwa6Dxw4cUjmhIBCYESMJtmNt5NWnJp5u9wTfYQ==}
    cpu: [ia32]
    os: [linux]

  '@koromix/koffi-linux-loong64@3.2.1':
    resolution: {integrity: sha512-aHhnHzkPRmT/IHDlGvESJ/Bs32m8N6UE6Ab6kMeJzgk74IN8af2m/81/wZJtybR1M2UxCV4NmlVNUYQQvSAO3Q==}
    cpu: [loong64]
    os: [linux]

  '@koromix/koffi-linux-riscv64@3.2.1':
    resolution: {integrity: sha512-qtQBsjbm3LiirLJvajWmKkNb7ARk7fvJVXdftJ7NtAnF3Xw8EbDvrtvmvtNI1yLPlYcBmlzCCD71hwhWYk0SIA==}
    cpu: [riscv64]
    os: [linux]

  '@koromix/koffi-linux-x64@3.2.1':
    resolution: {integrity: sha512-c7hw7Qs/r5gnFRTQLcbifBwRU7wiocj+2pVuDQ5Ahb3r36SZmupmgYbTWcLvTW+hul1jd7SKRV0d14ZJq/tvSw==}
    cpu: [x64]
    os: [linux]

  '@koromix/koffi-openbsd-ia32@3.2.1':
    resolution: {integrity: sha512-mmY8fY8LQ/CB52+h3yrMYmVyoxzW3x08S0yI6VNfHWdfU6yJtZkKCbhjmQCYMrWbYKC4gMvwZwCywIGPAkLyeA==}
    cpu: [ia32]
    os: [openbsd]

  '@koromix/koffi-openbsd-x64@3.2.1':
    resolution: {integrity: sha512-k4ig6aAPbFSRATOIIOfdf/KtlOGH4SVls6L9fy0QnTxRJYvY2oSltTsQtBDANgEQldlq8Kl5WnpRa1VSibP4Lw==}
    cpu: [x64]
    os: [openbsd]

  '@koromix/koffi-win32-arm64@3.2.1':
    resolution: {integrity: sha512-cTWBJGK//pDMeKQJE/79Aq9MiOAF4H8QyLZHSQ9IWm8czOfwjG4J1AhsQ9DjI9KFOykH77hhnpmQTGVMIubGig==}
    cpu: [arm64]
    os: [win32]

  '@koromix/koffi-win32-ia32@3.2.1':
    resolution: {integrity: sha512-Z50EM6TAZ7CFyMmyX6thv8eNpJchqe9eenhibSIy2Eq/FQYF76gU2VK/LEoaF46L8hfC7TpTp9b10MvReHEyFA==}
    cpu: [ia32]
    os: [win32]

  '@koromix/koffi-win32-x64@3.2.1':
    resolution: {integrity: sha512-ZmZNiBO6bkOSh3QNzgfvb1cMY0yMobn6ZQrSMqbAce21qyYL8niIbyipz9N/PIRDciGhsV0wUxnZsxIO+yWsHQ==}
    cpu: [x64]
    os: [win32]

  '@nielspeter/mlx-ts-darwin-arm64@0.1.0':
    resolution: {integrity: sha512-QfoVTaPE/okh/ICT9daiFka4uVN6nYSCC0u9iwFive1uU1FJcbsJscqVm5iCMm57sQek3DjOvud2YM+5PooL6Q==}
    cpu: [arm64]
    os: [darwin]

  '@nielspeter/mlx-ts@0.4.1':
    resolution: {integrity: sha512-sqnjSu6XQYLTNcRAI7Jho8dgjOXdnWEOnAw9m6D/r21a0KIrz21Dm1skFIS3qs20R75LXUWT54yB70Fg3Ypbhw==}
    engines: {node: '>=24.0.0'}
    cpu: [arm64]
    os: [darwin]

  koffi@3.2.1:
    resolution: {integrity: sha512-0qE3lZ8jllRqPN4Ob6Ajl7c2bJSJDhQWuKLGP5hIEpHLllJWv1ydHFMhHmHc5p/W9GticKVDbYzZd7TBoQ4CZg==}

snapshots:

  '@huggingface/jinja@0.5.10':
    optional: true

  '@koromix/koffi-android-arm64@3.2.1':
    optional: true

  '@koromix/koffi-android-x64@3.2.1':
    optional: true

  '@koromix/koffi-darwin-arm64@3.2.1':
    optional: true

  '@koromix/koffi-darwin-x64@3.2.1':
    optional: true

  '@koromix/koffi-freebsd-arm64@3.2.1':
    optional: true

  '@koromix/koffi-freebsd-ia32@3.2.1':
    optional: true

  '@koromix/koffi-freebsd-x64@3.2.1':
    optional: true

  '@koromix/koffi-linux-arm64@3.2.1':
    optional: true

  '@koromix/koffi-linux-arm@3.2.1':
    optional: true

  '@koromix/koffi-linux-ia32@3.2.1':
    optional: true

  '@koromix/koffi-linux-loong64@3.2.1':
    optional: true

  '@koromix/koffi-linux-riscv64@3.2.1':
    optional: true

  '@koromix/koffi-linux-x64@3.2.1':
    optional: true

  '@koromix/koffi-openbsd-ia32@3.2.1':
    optional: true

  '@koromix/koffi-openbsd-x64@3.2.1':
    optional: true

  '@koromix/koffi-win32-arm64@3.2.1':
    optional: true

  '@koromix/koffi-win32-ia32@3.2.1':
    optional: true

  '@koromix/koffi-win32-x64@3.2.1':
    optional: true

  '@nielspeter/mlx-ts-darwin-arm64@0.1.0': {}

  '@nielspeter/mlx-ts@0.4.1':
    optionalDependencies:
      '@huggingface/jinja': 0.5.10
      '@nielspeter/mlx-ts-darwin-arm64': 0.1.0
      koffi: 3.2.1

  koffi@3.2.1:
    optionalDependencies:
      '@koromix/koffi-android-arm64': 3.2.1
      '@koromix/koffi-android-x64': 3.2.1
      '@koromix/koffi-darwin-arm64': 3.2.1
      '@koromix/koffi-darwin-x64': 3.2.1
      '@koromix/koffi-freebsd-arm64': 3.2.1
      '@koromix/koffi-freebsd-ia32': 3.2.1
      '@koromix/koffi-freebsd-x64': 3.2.1
      '@koromix/koffi-linux-arm': 3.2.1
      '@koromix/koffi-linux-arm64': 3.2.1
      '@koromix/koffi-linux-ia32': 3.2.1
      '@koromix/koffi-linux-loong64': 3.2.1
      '@koromix/koffi-linux-riscv64': 3.2.1
      '@koromix/koffi-linux-x64': 3.2.1
      '@koromix/koffi-openbsd-ia32': 3.2.1
      '@koromix/koffi-openbsd-x64': 3.2.1
      '@koromix/koffi-win32-arm64': 3.2.1
      '@koromix/koffi-win32-ia32': 3.2.1
      '@koromix/koffi-win32-x64': 3.2.1
    optional: true
